// !$*UTF8*$!
{
	archiveVersion = 1;
	classes = {
	};
	objectVersion = 46;
	objects = {

/* Begin PBXBuildFile section */
		48F17F071D46CFD0007850BD /* AppDelegate.swift in Sources */ = {isa = PBXBuildFile; fileRef = 48F17F061D46CFD0007850BD /* AppDelegate.swift */; };
		48F17F091D46CFD0007850BD /* ViewController.swift in Sources */ = {isa = PBXBuildFile; fileRef = 48F17F081D46CFD0007850BD /* ViewController.swift */; };
		48F17F0C1D46CFD0007850BD /* Main.storyboard in Resources */ = {isa = PBXBuildFile; fileRef = 48F17F0A1D46CFD0007850BD /* Main.storyboard */; };
		48F17F0E1D46CFD0007850BD /* Assets.xcassets in Resources */ = {isa = PBXBuildFile; fileRef = 48F17F0D1D46CFD0007850BD /* Assets.xcassets */; };
		48F17F111D46CFD0007850BD /* LaunchScreen.storyboard in Resources */ = {isa = PBXBuildFile; fileRef = 48F17F0F1D46CFD0007850BD /* LaunchScreen.storyboard */; };
		48F17F1D1D47D120007850BD /* APIManager.swift in Sources */ = {isa = PBXBuildFile; fileRef = 48F17F1C1D47D120007850BD /* APIManager.swift */; };
		48F17F201D496FCD007850BD /* Constants.swift in Sources */ = {isa = PBXBuildFile; fileRef = 48F17F1F1D496FCD007850BD /* Constants.swift */; };
		48F17F221D49712B007850BD /* MusicVideo.swift in Sources */ = {isa = PBXBuildFile; fileRef = 48F17F211D49712B007850BD /* MusicVideo.swift */; };
/* End PBXBuildFile section */

/* Begin PBXFileReference section */
		48F17F031D46CFD0007850BD /* MusicVideo.app */ = {isa = PBXFileReference; explicitFileType = wrapper.application; includeInIndex = 0; path = MusicVideo.app; sourceTree = BUILT_PRODUCTS_DIR; };
		48F17F061D46CFD0007850BD /* AppDelegate.swift */ = {isa = PBXFileReference; lastKnownFileType = sourcecode.swift; path = AppDelegate.swift; sourceTree = "<group>"; };
		48F17F081D46CFD0007850BD /* ViewController.swift */ = {isa = PBXFileReference; lastKnownFileType = sourcecode.swift; path = ViewController.swift; sourceTree = "<group>"; };
		48F17F0B1D46CFD0007850BD /* Base */ = {isa = PBXFileReference; lastKnownFileType = file.storyboard; name = Base; path = Base.lproj/Main.storyboard; sourceTree = "<group>"; };
		48F17F0D1D46CFD0007850BD /* Assets.xcassets */ = {isa = PBXFileReference; lastKnownFileType = folder.assetcatalog; path = Assets.xcassets; sourceTree = "<group>"; };
		48F17F101D46CFD0007850BD /* Base */ = {isa = PBXFileReference; lastKnownFileType = file.storyboard; name = Base; path = Base.lproj/LaunchScreen.storyboard; sourceTree = "<group>"; };
		48F17F121D46CFD0007850BD /* Info.plist */ = {isa = PBXFileReference; lastKnownFileType = text.plist.xml; path = Info.plist; sourceTree = "<group>"; };
		48F17F1C1D47D120007850BD /* APIManager.swift */ = {isa = PBXFileReference; fileEncoding = 4; lastKnownFileType = sourcecode.swift; path = APIManager.swift; sourceTree = "<group>"; };
		48F17F1F1D496FCD007850BD /* Constants.swift */ = {isa = PBXFileReference; fileEncoding = 4; lastKnownFileType = sourcecode.swift; path = Constants.swift; sourceTree = "<group>"; };
		48F17F211D49712B007850BD /* MusicVideo.swift */ = {isa = PBXFileReference; fileEncoding = 4; lastKnownFileType = sourcecode.swift; path = MusicVideo.swift; sourceTree = "<group>"; };
/* End PBXFileReference section */

/* Begin PBXFrameworksBuildPhase section */
		48F17F001D46CFD0007850BD /* Frameworks */ = {
			isa = PBXFrameworksBuildPhase;
			buildActionMask = 2147483647;
			files = (
			);
			runOnlyForDeploymentPostprocessing = 0;
		};
/* End PBXFrameworksBuildPhase section */

/* Begin PBXGroup section */
		48F17EFA1D46CFD0007850BD = {
			isa = PBXGroup;
			children = (
				48F17F051D46CFD0007850BD /* MusicVideo */,
				48F17F041D46CFD0007850BD /* Products */,
			);
			sourceTree = "<group>";
		};
		48F17F041D46CFD0007850BD /* Products */ = {
			isa = PBXGroup;
			children = (
				48F17F031D46CFD0007850BD /* MusicVideo.app */,
			);
			name = Products;
			sourceTree = "<group>";
		};
		48F17F051D46CFD0007850BD /* MusicVideo */ = {
			isa = PBXGroup;
			children = (
				48F17F1E1D496F8C007850BD /* Utils */,
				48F17F1B1D47CC6D007850BD /* Supporting Files */,
				48F17F181D47CC2A007850BD /* Model */,
				48F17F191D47CC39007850BD /* Controller */,
				48F17F1A1D47CC48007850BD /* View */,
			);
			path = MusicVideo;
			sourceTree = "<group>";
		};
		48F17F181D47CC2A007850BD /* Model */ = {
			isa = PBXGroup;
			children = (
				48F17F211D49712B007850BD /* MusicVideo.swift */,
				48F17F1C1D47D120007850BD /* APIManager.swift */,
			);
			name = Model;
			sourceTree = "<group>";
		};
		48F17F191D47CC39007850BD /* Controller */ = {
			isa = PBXGroup;
			children = (
				48F17F081D46CFD0007850BD /* ViewController.swift */,
			);
			name = Controller;
			sourceTree = "<group>";
		};
		48F17F1A1D47CC48007850BD /* View */ = {
			isa = PBXGroup;
			children = (
				48F17F0F1D46CFD0007850BD /* LaunchScreen.storyboard */,
				48F17F0A1D46CFD0007850BD /* Main.storyboard */,
			);
			name = View;
			sourceTree = "<group>";
		};
		48F17F1B1D47CC6D007850BD /* Supporting Files */ = {
			isa = PBXGroup;
			children = (
				48F17F061D46CFD0007850BD /* AppDelegate.swift */,
				48F17F0D1D46CFD0007850BD /* Assets.xcassets */,
				48F17F121D46CFD0007850BD /* Info.plist */,
			);
			name = "Supporting Files";
			sourceTree = "<group>";
		};
		48F17F1E1D496F8C007850BD /* Utils */ = {
			isa = PBXGroup;
			children = (
				48F17F1F1D496FCD007850BD /* Constants.swift */,
			);
			name = Utils;
			sourceTree = "<group>";
		};
/* End PBXGroup section */

/* Begin PBXNativeTarget section */
		48F17F021D46CFD0007850BD /* MusicVideo */ = {
			isa = PBXNativeTarget;
			buildConfigurationList = 48F17F151D46CFD0007850BD /* Build configuration list for PBXNativeTarget "MusicVideo" */;
			buildPhases = (
				48F17EFF1D46CFD0007850BD /* Sources */,
				48F17F001D46CFD0007850BD /* Frameworks */,
				48F17F011D46CFD0007850BD /* Resources */,
			);
			buildRules = (
			);
			dependencies = (
			);
			name = MusicVideo;
			productName = MusicVideo;
			productReference = 48F17F031D46CFD0007850BD /* MusicVideo.app */;
			productType = "com.apple.product-type.application";
		};
/* End PBXNativeTarget section */

/* Begin PBXProject section */
		48F17EFB1D46CFD0007850BD /* Project object */ = {
			isa = PBXProject;
			attributes = {
				LastSwiftUpdateCheck = 0730;
				LastUpgradeCheck = 0730;
				ORGANIZATIONNAME = LytxServices;
				TargetAttributes = {
					48F17F021D46CFD0007850BD = {
						CreatedOnToolsVersion = 7.3.1;
						DevelopmentTeam = NH6LXYTJA3;
					};
				};
			};
			buildConfigurationList = 48F17EFE1D46CFD0007850BD /* Build configuration list for PBXProject "MusicVideo" */;
			compatibilityVersion = "Xcode 3.2";
			developmentRegion = English;
			hasScannedForEncodings = 0;
			knownRegions = (
				en,
				Base,
			);
			mainGroup = 48F17EFA1D46CFD0007850BD;
			productRefGroup = 48F17F041D46CFD0007850BD /* Products */;
			projectDirPath = "";
			projectRoot = "";
			targets = (
				48F17F021D46CFD0007850BD /* MusicVideo */,
			);
		};
/* End PBXProject section */

/* Begin PBXResourcesBuildPhase section */
		48F17F011D46CFD0007850BD /* Resources */ = {
			isa = PBXResourcesBuildPhase;
			buildActionMask = 2147483647;
			files = (
				48F17F111D46CFD0007850BD /* LaunchScreen.storyboard in Resources */,
				48F17F0E1D46CFD0007850BD /* Assets.xcassets in Resources */,
				48F17F0C1D46CFD0007850BD /* Main.storyboard in Resources */,
			);
			runOnlyForDeploymentPostprocessing = 0;
		};
/* End PBXResourcesBuildPhase section */

/* Begin PBXSourcesBuildPhase section */
		48F17EFF1D46CFD0007850BD /* Sources */ = {
			isa = PBXSourcesBuildPhase;
			buildActionMask = 2147483647;
			files = (
				48F17F1D1D47D120007850BD /* APIManager.swift in Sources */,
				48F17F091D46CFD0007850BD /* ViewController.swift in Sources */,
				48F17F221D49712B007850BD /* MusicVideo.swift in Sources */,
				48F17F071D46CFD0007850BD /* AppDelegate.swift in Sources */,
				48F17F201D496FCD007850BD /* Constants.swift in Sources */,
			);
			runOnlyForDeploymentPostprocessing = 0;
		};
/* End PBXSourcesBuildPhase section */

/* Begin PBXVariantGroup section */
		48F17F0A1D46CFD0007850BD /* Main.storyboard */ = {
			isa = PBXVariantGroup;
			children = (
				48F17F0B1D46CFD0007850BD /* Base */,
			);
			name = Main.storyboard;
			sourceTree = "<group>";
		};
		48F17F0F1D46CFD0007850BD /* LaunchScreen.storyboard */ = {
			isa = PBXVariantGroup;
			children = (
				48F17F101D46CFD0007850BD /* Base */,
			);
			name = LaunchScreen.storyboard;
			sourceTree = "<group>";
		};
/* End PBXVariantGroup section */

/* Begin XCBuildConfiguration section */
		48F17F131D46CFD0007850BD /* Debug */ = {
			isa = XCBuildConfiguration;
			buildSettings = {
				ALWAYS_SEARCH_USER_PATHS = NO;
				CLANG_ANALYZER_NONNULL = YES;
				CLANG_CXX_LANGUAGE_STANDARD = "gnu++0x";
				CLANG_CXX_LIBRARY = "libc++";
				CLANG_ENABLE_MODULES = YES;
				CLANG_ENABLE_OBJC_ARC = YES;
				CLANG_WARN_BOOL_CONVERSION = YES;
				CLANG_WARN_CONSTANT_CONVERSION = YES;
				CLANG_WARN_DIRECT_OBJC_ISA_USAGE = YES_ERROR;
				CLANG_WARN_EMPTY_BODY = YES;
				CLANG_WARN_ENUM_CONVERSION = YES;
				CLANG_WARN_INT_CONVERSION = YES;
				CLANG_WARN_OBJC_ROOT_CLASS = YES_ERROR;
				CLANG_WARN_UNREACHABLE_CODE = YES;
				CLANG_WARN__DUPLICATE_METHOD_MATCH = YES;
				"CODE_SIGN_IDENTITY[sdk=iphoneos*]" = "iPhone Developer";
				COPY_PHASE_STRIP = NO;
				DEBUG_INFORMATION_FORMAT = dwarf;
				ENABLE_STRICT_OBJC_MSGSEND = YES;
				ENABLE_TESTABILITY = YES;
				GCC_C_LANGUAGE_STANDARD = gnu99;
				GCC_DYNAMIC_NO_PIC = NO;
				GCC_NO_COMMON_BLOCKS = YES;
				GCC_OPTIMIZATION_LEVEL = 0;
				GCC_PREPROCESSOR_DEFINITIONS = (
					"DEBUG=1",
					"$(inherited)",
				);
				GCC_WARN_64_TO_32_BIT_CONVERSION = YES;
				GCC_WARN_ABOUT_RETURN_TYPE = YES_ERROR;
				GCC_WARN_UNDECLARED_SELECTOR = YES;
				GCC_WARN_UNINITIALIZED_AUTOS = YES_AGGRESSIVE;
				GCC_WARN_UNUSED_FUNCTION = YES;
				GCC_WARN_UNUSED_VARIABLE = YES;
				IPHONEOS_DEPLOYMENT_TARGET = 9.3;
				MTL_ENABLE_DEBUG_INFO = YES;
				ONLY_ACTIVE_ARCH = YES;
				SDKROOT = iphoneos;
				SWIFT_OPTIMIZATION_LEVEL = "-Onone";
				TARGETED_DEVICE_FAMILY = "1,2";
			};
			name = Debug;
		};
		48F17F141D46CFD0007850BD /* Release */ = {
			isa = XCBuildConfiguration;
			buildSettings = {
				ALWAYS_SEARCH_USER_PATHS = NO;
				CLANG_ANALYZER_NONNULL = YES;
				CLANG_CXX_LANGUAGE_STANDARD = "gnu++0x";
				CLANG_CXX_LIBRARY = "libc++";
				CLANG_ENABLE_MODULES = YES;
				CLANG_ENABLE_OBJC_ARC = YES;
				CLANG_WARN_BOOL_CONVERSION = YES;
				CLANG_WARN_CONSTANT_CONVERSION = YES;
				CLANG_WARN_DIRECT_OBJC_ISA_USAGE = YES_ERROR;
				CLANG_WARN_EMPTY_BODY = YES;
				CLANG_WARN_ENUM_CONVERSION = YES;
				CLANG_WARN_INT_CONVERSION = YES;
				CLANG_WARN_OBJC_ROOT_CLASS = YES_ERROR;
				CLANG_WARN_UNREACHABLE_CODE = YES;
				CLANG_WARN__DUPLICATE_METHOD_MATCH = YES;
				"CODE_SIGN_IDENTITY[sdk=iphoneos*]" = "iPhone Developer";
				COPY_PHASE_STRIP = NO;
				DEBUG_INFORMATION_FORMAT = "dwarf-with-dsym";
				ENABLE_NS_ASSERTIONS = NO;
				ENABLE_STRICT_OBJC_MSGSEND = YES;
				GCC_C_LANGUAGE_STANDARD = gnu99;
				GCC_NO_COMMON_BLOCKS = YES;
				GCC_WARN_64_TO_32_BIT_CONVERSION = YES;
				GCC_WARN_ABOUT_RETURN_TYPE = YES_ERROR;
				GCC_WARN_UNDECLARED_SELECTOR = YES;
				GCC_WARN_UNINITIALIZED_AUTOS = YES_AGGRESSIVE;
				GCC_WARN_UNUSED_FUNCTION = YES;
				GCC_WARN_UNUSED_VARIABLE = YES;
				IPHONEOS_DEPLOYMENT_TARGET = 9.3;
				MTL_ENABLE_DEBUG_INFO = NO;
				SDKROOT = iphoneos;
				TARGETED_DEVICE_FAMILY = "1,2";
				VALIDATE_PRODUCT = YES;
			};
			name = Release;
		};
		48F17F161D46CFD0007850BD /* Debug */ = {
			isa = XCBuildConfiguration;
			buildSettings = {
				ASSETCATALOG_COMPILER_APPICON_NAME = AppIcon;
				INFOPLIST_FILE = MusicVideo/Info.plist;
				LD_RUNPATH_SEARCH_PATHS = "$(inherited) @executable_path/Frameworks";
				PRODUCT_BUNDLE_IDENTIFIER = com.gary.mojo.MusicVideo;
				PRODUCT_NAME = "$(TARGET_NAME)";
			};
			name = Debug;
		};
		48F17F171D46CFD0007850BD /* Release */ = {
			isa = XCBuildConfiguration;
			buildSettings = {
				ASSETCATALOG_COMPILER_APPICON_NAME = AppIcon;
				INFOPLIST_FILE = MusicVideo/Info.plist;
				LD_RUNPATH_SEARCH_PATHS = "$(inherited) @executable_path/Frameworks";
				PRODUCT_BUNDLE_IDENTIFIER = com.gary.mojo.MusicVideo;
				PRODUCT_NAME = "$(TARGET_NAME)";
			};
			name = Release;
		};
/* End XCBuildConfiguration section */

/* Begin XCConfigurationList section */
		48F17EFE1D46CFD0007850BD /* Build configuration list for PBXProject "MusicVideo" */ = {
			isa = XCConfigurationList;
			buildConfigurations = (
				48F17F131D46CFD0007850BD /* Debug */,
				48F17F141D46CFD0007850BD /* Release */,
			);
			defaultConfigurationIsVisible = 0;
			defaultConfigurationName = Release;
		};
		48F17F151D46CFD0007850BD /* Build configuration list for PBXNativeTarget "MusicVideo" */ = {
			isa = XCConfigurationList;
			buildConfigurations = (
				48F17F161D46CFD0007850BD /* Debug */,
				48F17F171D46CFD0007850BD /* Release */,
			);
			defaultConfigurationIsVisible = 0;
		};
/* End XCConfigurationList section */
	};
	rootObject = 48F17EFB1D46CFD0007850BD /* Project object */;
}
